
Microsoft Visual Studio Solution File, Format Version 12.00
# Visual Studio Version 17
VisualStudioVersion = 17.0.32014.148
MinimumVisualStudioVersion = 10.0.40219.1
Project("{FAE04EC0-301F-11D3-BF4B-00C04F79EFBC}") = "SeedDataImplementation", "SeedDataImplementation\SeedDataImplementation.csproj", "{419BF822-F86C-4952-81CA-209D2D2DE906}"
EndProject
Global
	GlobalSection(SolutionConfigurationPlatforms) = preSolution
		Debug|Any CPU = Debug|Any CPU
		Release|Any CPU = Release|Any CPU
	EndGlobalSection
	GlobalSection(ProjectConfigurationPlatforms) = postSolution
		{419BF822-F86C-4952-81CA-209D2D2DE906}.Debug|Any CPU.ActiveCfg = Debug|Any CPU
		{419BF822-F86C-4952-81CA-209D2D2DE906}.Debug|Any CPU.Build.0 = Debug|Any CPU
		{419BF822-F86C-4952-81CA-209D2D2DE906}.Release|Any CPU.ActiveCfg = Release|Any CPU
		{419BF822-F86C-4952-81CA-209D2D2DE906}.Release|Any CPU.Build.0 = Release|Any CPU
	EndGlobalSection
	GlobalSection(SolutionProperties) = preSolution
		HideSolutionNode = FALSE
	EndGlobalSection
	GlobalSection(ExtensibilityGlobals) = postSolution
		SolutionGuid = {30C187ED-723F-45DA-8FB4-CD4D7579DBE8}
	EndGlobalSection
EndGlobal
