
Microsoft Visual Studio Solution File, Format Version 12.00
# Visual Studio Version 17
VisualStudioVersion = 17.0.32014.148
MinimumVisualStudioVersion = 10.0.40219.1
Project("{FAE04EC0-301F-11D3-BF4B-00C04F79EFBC}") = "CompareDates", "CompareDates\CompareDates.csproj", "{6A2D927A-F778-4C94-9D01-A55BC48B44A8}"
EndProject
Global
	GlobalSection(SolutionConfigurationPlatforms) = preSolution
		Debug|Any CPU = Debug|Any CPU
		Release|Any CPU = Release|Any CPU
	EndGlobalSection
	GlobalSection(ProjectConfigurationPlatforms) = postSolution
		{6A2D927A-F778-4C94-9D01-A55BC48B44A8}.Debug|Any CPU.ActiveCfg = Debug|Any CPU
		{6A2D927A-F778-4C94-9D01-A55BC48B44A8}.Debug|Any CPU.Build.0 = Debug|Any CPU
		{6A2D927A-F778-4C94-9D01-A55BC48B44A8}.Release|Any CPU.ActiveCfg = Release|Any CPU
		{6A2D927A-F778-4C94-9D01-A55BC48B44A8}.Release|Any CPU.Build.0 = Release|Any CPU
	EndGlobalSection
	GlobalSection(SolutionProperties) = preSolution
		HideSolutionNode = FALSE
	EndGlobalSection
	GlobalSection(ExtensibilityGlobals) = postSolution
		SolutionGuid = {FF09F5F5-8927-47D3-BB2C-4DC6A968860C}
	EndGlobalSection
EndGlobal
