
Microsoft Visual Studio Solution File, Format Version 12.00
# Visual Studio Version 17
VisualStudioVersion = 17.0.32014.148
MinimumVisualStudioVersion = 10.0.40219.1
Project("{FAE04EC0-301F-11D3-BF4B-00C04F79EFBC}") = "MysqlUserAPI", "MysqlUserAPI\MysqlUserAPI.csproj", "{801C6417-7BAD-4625-9595-1EDC7E9D5A83}"
EndProject
Global
	GlobalSection(SolutionConfigurationPlatforms) = preSolution
		Debug|Any CPU = Debug|Any CPU
		Release|Any CPU = Release|Any CPU
	EndGlobalSection
	GlobalSection(ProjectConfigurationPlatforms) = postSolution
		{801C6417-7BAD-4625-9595-1EDC7E9D5A83}.Debug|Any CPU.ActiveCfg = Debug|Any CPU
		{801C6417-7BAD-4625-9595-1EDC7E9D5A83}.Debug|Any CPU.Build.0 = Debug|Any CPU
		{801C6417-7BAD-4625-9595-1EDC7E9D5A83}.Release|Any CPU.ActiveCfg = Release|Any CPU
		{801C6417-7BAD-4625-9595-1EDC7E9D5A83}.Release|Any CPU.Build.0 = Release|Any CPU
	EndGlobalSection
	GlobalSection(SolutionProperties) = preSolution
		HideSolutionNode = FALSE
	EndGlobalSection
	GlobalSection(ExtensibilityGlobals) = postSolution
		SolutionGuid = {635C6173-FA5B-482D-BC4F-5C83AD9D762A}
	EndGlobalSection
EndGlobal
