
Microsoft Visual Studio Solution File, Format Version 12.00
# Visual Studio Version 17
VisualStudioVersion = 17.0.32014.148
MinimumVisualStudioVersion = 10.0.40219.1
Project("{FAE04EC0-301F-11D3-BF4B-00C04F79EFBC}") = "TestPushNotifications", "TestPushNotifications\TestPushNotifications.csproj", "{E5BF1220-AB67-42C5-A3FF-FBFD7CA28674}"
EndProject
Global
	GlobalSection(SolutionConfigurationPlatforms) = preSolution
		Debug|Any CPU = Debug|Any CPU
		Release|Any CPU = Release|Any CPU
	EndGlobalSection
	GlobalSection(ProjectConfigurationPlatforms) = postSolution
		{E5BF1220-AB67-42C5-A3FF-FBFD7CA28674}.Debug|Any CPU.ActiveCfg = Debug|Any CPU
		{E5BF1220-AB67-42C5-A3FF-FBFD7CA28674}.Debug|Any CPU.Build.0 = Debug|Any CPU
		{E5BF1220-AB67-42C5-A3FF-FBFD7CA28674}.Release|Any CPU.ActiveCfg = Release|Any CPU
		{E5BF1220-AB67-42C5-A3FF-FBFD7CA28674}.Release|Any CPU.Build.0 = Release|Any CPU
	EndGlobalSection
	GlobalSection(SolutionProperties) = preSolution
		HideSolutionNode = FALSE
	EndGlobalSection
	GlobalSection(ExtensibilityGlobals) = postSolution
		SolutionGuid = {E6885CE4-8860-4D70-9FF7-CA94E157E1C2}
	EndGlobalSection
EndGlobal
